
Microsoft Visual Studio Solution File, Format Version 12.00
# Visual Studio Version 17
VisualStudioVersion = 17.4.33213.308
MinimumVisualStudioVersion = 10.0.40219.1
Project("{FAE04EC0-301F-11D3-BF4B-00C04F79EFBC}") = "LampLightSwitch", "LampLightSwitch.csproj", "{D2CE92F0-A857-4B06-80A3-0CC2C4A0FD3C}"
EndProject
Global
	GlobalSection(SolutionConfigurationPlatforms) = preSolution
		Debug|Any CPU = Debug|Any CPU
		Release|Any CPU = Release|Any CPU
	EndGlobalSection
	GlobalSection(ProjectConfigurationPlatforms) = postSolution
		{D2CE92F0-A857-4B06-80A3-0CC2C4A0FD3C}.Debug|Any CPU.ActiveCfg = Debug|Any CPU
		{D2CE92F0-A857-4B06-80A3-0CC2C4A0FD3C}.Debug|Any CPU.Build.0 = Debug|Any CPU
		{D2CE92F0-A857-4B06-80A3-0CC2C4A0FD3C}.Release|Any CPU.ActiveCfg = Release|Any CPU
		{D2CE92F0-A857-4B06-80A3-0CC2C4A0FD3C}.Release|Any CPU.Build.0 = Release|Any CPU
	EndGlobalSection
	GlobalSection(SolutionProperties) = preSolution
		HideSolutionNode = FALSE
	EndGlobalSection
	GlobalSection(ExtensibilityGlobals) = postSolution
		SolutionGuid = {C788C603-BD3B-4D72-BC76-AA0205542B2E}
	EndGlobalSection
EndGlobal
